
Microsoft Visual Studio Solution File, Format Version 12.00
# Visual Studio Version 16
VisualStudioVersion = 16.0.31624.102
MinimumVisualStudioVersion = 10.0.40219.1
Project("{FAE04EC0-301F-11D3-BF4B-00C04F79EFBC}") = "MoreValheim", "MoreValheim\MoreValheim.csproj", "{DF30F6E9-F3C9-4CC9-A339-3D96EF5C40B7}"
EndProject
Project("{FAE04EC0-301F-11D3-BF4B-00C04F79EFBC}") = "MoreValheimInterface", "MoreValheimInterface\MoreValheimInterface.csproj", "{B4B3CE40-EEFF-4DC1-A633-C360523EAA08}"
EndProject
Global
	GlobalSection(SolutionConfigurationPlatforms) = preSolution
		Debug|Any CPU = Debug|Any CPU
		Release|Any CPU = Release|Any CPU
	EndGlobalSection
	GlobalSection(ProjectConfigurationPlatforms) = postSolution
		{DF30F6E9-F3C9-4CC9-A339-3D96EF5C40B7}.Debug|Any CPU.ActiveCfg = Debug|Any CPU
		{DF30F6E9-F3C9-4CC9-A339-3D96EF5C40B7}.Debug|Any CPU.Build.0 = Debug|Any CPU
		{DF30F6E9-F3C9-4CC9-A339-3D96EF5C40B7}.Release|Any CPU.ActiveCfg = Release|Any CPU
		{DF30F6E9-F3C9-4CC9-A339-3D96EF5C40B7}.Release|Any CPU.Build.0 = Release|Any CPU
		{B4B3CE40-EEFF-4DC1-A633-C360523EAA08}.Debug|Any CPU.ActiveCfg = Debug|Any CPU
		{B4B3CE40-EEFF-4DC1-A633-C360523EAA08}.Debug|Any CPU.Build.0 = Debug|Any CPU
		{B4B3CE40-EEFF-4DC1-A633-C360523EAA08}.Release|Any CPU.ActiveCfg = Release|Any CPU
		{B4B3CE40-EEFF-4DC1-A633-C360523EAA08}.Release|Any CPU.Build.0 = Release|Any CPU
	EndGlobalSection
	GlobalSection(SolutionProperties) = preSolution
		HideSolutionNode = FALSE
	EndGlobalSection
	GlobalSection(ExtensibilityGlobals) = postSolution
		SolutionGuid = {EF01B15E-9FDE-43A0-AAEA-6597E7241301}
	EndGlobalSection
EndGlobal
